
Microsoft Visual Studio Solution File, Format Version 12.00
# Visual Studio Version 17
VisualStudioVersion = 17.0.31717.71
MinimumVisualStudioVersion = 10.0.40219.1
Project("{FAE04EC0-301F-11D3-BF4B-00C04F79EFBC}") = "OperationsApi", "OperationsApi.csproj", "{3CDD3452-CAAC-4072-859F-5626E6458AF5}"
EndProject
Global
	GlobalSection(SolutionConfigurationPlatforms) = preSolution
		Debug|Any CPU = Debug|Any CPU
		Release|Any CPU = Release|Any CPU
	EndGlobalSection
	GlobalSection(ProjectConfigurationPlatforms) = postSolution
		{3CDD3452-CAAC-4072-859F-5626E6458AF5}.Debug|Any CPU.ActiveCfg = Debug|Any CPU
		{3CDD3452-CAAC-4072-859F-5626E6458AF5}.Debug|Any CPU.Build.0 = Debug|Any CPU
		{3CDD3452-CAAC-4072-859F-5626E6458AF5}.Release|Any CPU.ActiveCfg = Release|Any CPU
		{3CDD3452-CAAC-4072-859F-5626E6458AF5}.Release|Any CPU.Build.0 = Release|Any CPU
	EndGlobalSection
	GlobalSection(SolutionProperties) = preSolution
		HideSolutionNode = FALSE
	EndGlobalSection
	GlobalSection(ExtensibilityGlobals) = postSolution
		SolutionGuid = {025F6D55-0EF0-43A3-B24C-BEF5A6D7E9BA}
	EndGlobalSection
EndGlobal
